
Microsoft Visual Studio Solution File, Format Version 12.00
# Visual Studio Version 17
VisualStudioVersion = 17.5.002.0
MinimumVisualStudioVersion = 10.0.40219.1
Project("{2150E333-8FDC-42A3-9474-1A3956D46DE8}") = "csharp-prep", "csharp-prep", "{001BD150-079E-43E5-AB34-449BB350E7D6}"
EndProject
Project("{9A19103F-16F7-4668-BE54-9A1E7A4F7556}") = "Prep1", "csharp-prep\Prep1\Prep1.csproj", "{0B2216E5-DBFE-4E18-B156-8209B754B556}"
EndProject
Project("{9A19103F-16F7-4668-BE54-9A1E7A4F7556}") = "Prep2", "csharp-prep\Prep2\Prep2.csproj", "{8305D149-F918-4C9F-8D20-9701F9037DDC}"
EndProject
Project("{9A19103F-16F7-4668-BE54-9A1E7A4F7556}") = "Prep3", "csharp-prep\Prep3\Prep3.csproj", "{1F33A9B7-6287-4B51-8775-EB2EBE53A636}"
EndProject
Project("{9A19103F-16F7-4668-BE54-9A1E7A4F7556}") = "Prep4", "csharp-prep\Prep4\Prep4.csproj", "{20E93D38-0E14-40D2-9496-E863F283B108}"
EndProject
Project("{9A19103F-16F7-4668-BE54-9A1E7A4F7556}") = "Prep5", "csharp-prep\Prep5\Prep5.csproj", "{F67D93B0-AC29-42AA-B4E8-F9684B0E0B59}"
EndProject
Project("{2150E333-8FDC-42A3-9474-1A3956D46DE8}") = "final", "final", "{0E5BC5AE-6891-42A7-B48A-60E76102C04D}"
EndProject
Project("{9A19103F-16F7-4668-BE54-9A1E7A4F7556}") = "FinalProject", "final\FinalProject\FinalProject.csproj", "{E8BD776E-90AD-41CF-B20A-76A8256F04B3}"
EndProject
Project("{9A19103F-16F7-4668-BE54-9A1E7A4F7556}") = "Foundation1", "final\Foundation1\Foundation1.csproj", "{30B1E480-D458-4B37-8A62-BDFCE7B45F86}"
EndProject
Project("{9A19103F-16F7-4668-BE54-9A1E7A4F7556}") = "Foundation2", "final\Foundation2\Foundation2.csproj", "{51594669-A426-4D96-85C0-570F7B0B4DA1}"
EndProject
Project("{9A19103F-16F7-4668-BE54-9A1E7A4F7556}") = "Foundation3", "final\Foundation3\Foundation3.csproj", "{7C222275-8674-438B-A576-8CF52AEADE0F}"
EndProject
Project("{9A19103F-16F7-4668-BE54-9A1E7A4F7556}") = "Foundation4", "final\Foundation4\Foundation4.csproj", "{542DAF21-13EF-4D1D-9B2D-BD90787F5F9B}"
EndProject
Project("{2150E333-8FDC-42A3-9474-1A3956D46DE8}") = "prepare", "prepare", "{B88CA7BE-991F-4176-9B41-E9ACE31E10CA}"
EndProject
Project("{9A19103F-16F7-4668-BE54-9A1E7A4F7556}") = "Learning02", "prepare\Learning02\Learning02.csproj", "{FD9FC2D8-FF18-46A4-8615-C498A7552BA6}"
EndProject
Project("{9A19103F-16F7-4668-BE54-9A1E7A4F7556}") = "Learning03", "prepare\Learning03\Learning03.csproj", "{C812BC36-D0B7-456D-B305-3B2F91A9F18F}"
EndProject
Project("{9A19103F-16F7-4668-BE54-9A1E7A4F7556}") = "Learning04", "prepare\Learning04\Learning04.csproj", "{B1C7C4A9-5382-4E1B-A1F1-7083B6F7E903}"
EndProject
Project("{9A19103F-16F7-4668-BE54-9A1E7A4F7556}") = "Learning05", "prepare\Learning05\Learning05.csproj", "{6066F4EE-B119-486A-A66B-0281A930B458}"
EndProject
Project("{2150E333-8FDC-42A3-9474-1A3956D46DE8}") = "prove", "prove", "{73350971-ABED-42F2-B24F-89D679CD845A}"
EndProject
Project("{9A19103F-16F7-4668-BE54-9A1E7A4F7556}") = "Develop02", "prove\Develop02\Develop02.csproj", "{CF5BD8DD-DFD5-4D8E-B68D-C09632BEBD05}"
EndProject
Project("{9A19103F-16F7-4668-BE54-9A1E7A4F7556}") = "Develop03", "prove\Develop03\Develop03.csproj", "{4BA76002-8284-43D4-A015-E386279066D9}"
EndProject
Project("{9A19103F-16F7-4668-BE54-9A1E7A4F7556}") = "Develop04", "prove\Develop04\Develop04.csproj", "{B12A0F56-1AB0-4A6C-82E7-F3AB79857304}"
EndProject
Project("{9A19103F-16F7-4668-BE54-9A1E7A4F7556}") = "Develop05", "prove\Develop05\Develop05.csproj", "{F3E3EBE6-69A9-4458-8E0B-C19A07F2B317}"
EndProject
Project("{2150E333-8FDC-42A3-9474-1A3956D46DE8}") = "sandbox", "sandbox", "{75C76DAE-4B15-4DBA-BF74-10B609910678}"
EndProject
Project("{9A19103F-16F7-4668-BE54-9A1E7A4F7556}") = "Sandbox", "sandbox\Sandbox\Sandbox.csproj", "{BDD8EEF1-78E0-4E50-986D-4336FA4EAFDD}"
EndProject
Global
	GlobalSection(SolutionConfigurationPlatforms) = preSolution
		Debug|Any CPU = Debug|Any CPU
		Release|Any CPU = Release|Any CPU
	EndGlobalSection
	GlobalSection(ProjectConfigurationPlatforms) = postSolution
		{0B2216E5-DBFE-4E18-B156-8209B754B556}.Debug|Any CPU.ActiveCfg = Debug|Any CPU
		{0B2216E5-DBFE-4E18-B156-8209B754B556}.Debug|Any CPU.Build.0 = Debug|Any CPU
		{0B2216E5-DBFE-4E18-B156-8209B754B556}.Release|Any CPU.ActiveCfg = Release|Any CPU
		{0B2216E5-DBFE-4E18-B156-8209B754B556}.Release|Any CPU.Build.0 = Release|Any CPU
		{8305D149-F918-4C9F-8D20-9701F9037DDC}.Debug|Any CPU.ActiveCfg = Debug|Any CPU
		{8305D149-F918-4C9F-8D20-9701F9037DDC}.Debug|Any CPU.Build.0 = Debug|Any CPU
		{8305D149-F918-4C9F-8D20-9701F9037DDC}.Release|Any CPU.ActiveCfg = Release|Any CPU
		{8305D149-F918-4C9F-8D20-9701F9037DDC}.Release|Any CPU.Build.0 = Release|Any CPU
		{1F33A9B7-6287-4B51-8775-EB2EBE53A636}.Debug|Any CPU.ActiveCfg = Debug|Any CPU
		{1F33A9B7-6287-4B51-8775-EB2EBE53A636}.Debug|Any CPU.Build.0 = Debug|Any CPU
		{1F33A9B7-6287-4B51-8775-EB2EBE53A636}.Release|Any CPU.ActiveCfg = Release|Any CPU
		{1F33A9B7-6287-4B51-8775-EB2EBE53A636}.Release|Any CPU.Build.0 = Release|Any CPU
		{20E93D38-0E14-40D2-9496-E863F283B108}.Debug|Any CPU.ActiveCfg = Debug|Any CPU
		{20E93D38-0E14-40D2-9496-E863F283B108}.Debug|Any CPU.Build.0 = Debug|Any CPU
		{20E93D38-0E14-40D2-9496-E863F283B108}.Release|Any CPU.ActiveCfg = Release|Any CPU
		{20E93D38-0E14-40D2-9496-E863F283B108}.Release|Any CPU.Build.0 = Release|Any CPU
		{F67D93B0-AC29-42AA-B4E8-F9684B0E0B59}.Debug|Any CPU.ActiveCfg = Debug|Any CPU
		{F67D93B0-AC29-42AA-B4E8-F9684B0E0B59}.Debug|Any CPU.Build.0 = Debug|Any CPU
		{F67D93B0-AC29-42AA-B4E8-F9684B0E0B59}.Release|Any CPU.ActiveCfg = Release|Any CPU
		{F67D93B0-AC29-42AA-B4E8-F9684B0E0B59}.Release|Any CPU.Build.0 = Release|Any CPU
		{E8BD776E-90AD-41CF-B20A-76A8256F04B3}.Debug|Any CPU.ActiveCfg = Debug|Any CPU
		{E8BD776E-90AD-41CF-B20A-76A8256F04B3}.Debug|Any CPU.Build.0 = Debug|Any CPU
		{E8BD776E-90AD-41CF-B20A-76A8256F04B3}.Release|Any CPU.ActiveCfg = Release|Any CPU
		{E8BD776E-90AD-41CF-B20A-76A8256F04B3}.Release|Any CPU.Build.0 = Release|Any CPU
		{30B1E480-D458-4B37-8A62-BDFCE7B45F86}.Debug|Any CPU.ActiveCfg = Debug|Any CPU
		{30B1E480-D458-4B37-8A62-BDFCE7B45F86}.Debug|Any CPU.Build.0 = Debug|Any CPU
		{30B1E480-D458-4B37-8A62-BDFCE7B45F86}.Release|Any CPU.ActiveCfg = Release|Any CPU
		{30B1E480-D458-4B37-8A62-BDFCE7B45F86}.Release|Any CPU.Build.0 = Release|Any CPU
		{51594669-A426-4D96-85C0-570F7B0B4DA1}.Debug|Any CPU.ActiveCfg = Debug|Any CPU
		{51594669-A426-4D96-85C0-570F7B0B4DA1}.Debug|Any CPU.Build.0 = Debug|Any CPU
		{51594669-A426-4D96-85C0-570F7B0B4DA1}.Release|Any CPU.ActiveCfg = Release|Any CPU
		{51594669-A426-4D96-85C0-570F7B0B4DA1}.Release|Any CPU.Build.0 = Release|Any CPU
		{7C222275-8674-438B-A576-8CF52AEADE0F}.Debug|Any CPU.ActiveCfg = Debug|Any CPU
		{7C222275-8674-438B-A576-8CF52AEADE0F}.Debug|Any CPU.Build.0 = Debug|Any CPU
		{7C222275-8674-438B-A576-8CF52AEADE0F}.Release|Any CPU.ActiveCfg = Release|Any CPU
		{7C222275-8674-438B-A576-8CF52AEADE0F}.Release|Any CPU.Build.0 = Release|Any CPU
		{542DAF21-13EF-4D1D-9B2D-BD90787F5F9B}.Debug|Any CPU.ActiveCfg = Debug|Any CPU
		{542DAF21-13EF-4D1D-9B2D-BD90787F5F9B}.Debug|Any CPU.Build.0 = Debug|Any CPU
		{542DAF21-13EF-4D1D-9B2D-BD90787F5F9B}.Release|Any CPU.ActiveCfg = Release|Any CPU
		{542DAF21-13EF-4D1D-9B2D-BD90787F5F9B}.Release|Any CPU.Build.0 = Release|Any CPU
		{FD9FC2D8-FF18-46A4-8615-C498A7552BA6}.Debug|Any CPU.ActiveCfg = Debug|Any CPU
		{FD9FC2D8-FF18-46A4-8615-C498A7552BA6}.Debug|Any CPU.Build.0 = Debug|Any CPU
		{FD9FC2D8-FF18-46A4-8615-C498A7552BA6}.Release|Any CPU.ActiveCfg = Release|Any CPU
		{FD9FC2D8-FF18-46A4-8615-C498A7552BA6}.Release|Any CPU.Build.0 = Release|Any CPU
		{C812BC36-D0B7-456D-B305-3B2F91A9F18F}.Debug|Any CPU.ActiveCfg = Debug|Any CPU
		{C812BC36-D0B7-456D-B305-3B2F91A9F18F}.Debug|Any CPU.Build.0 = Debug|Any CPU
		{C812BC36-D0B7-456D-B305-3B2F91A9F18F}.Release|Any CPU.ActiveCfg = Release|Any CPU
		{C812BC36-D0B7-456D-B305-3B2F91A9F18F}.Release|Any CPU.Build.0 = Release|Any CPU
		{B1C7C4A9-5382-4E1B-A1F1-7083B6F7E903}.Debug|Any CPU.ActiveCfg = Debug|Any CPU
		{B1C7C4A9-5382-4E1B-A1F1-7083B6F7E903}.Debug|Any CPU.Build.0 = Debug|Any CPU
		{B1C7C4A9-5382-4E1B-A1F1-7083B6F7E903}.Release|Any CPU.ActiveCfg = Release|Any CPU
		{B1C7C4A9-5382-4E1B-A1F1-7083B6F7E903}.Release|Any CPU.Build.0 = Release|Any CPU
		{6066F4EE-B119-486A-A66B-0281A930B458}.Debug|Any CPU.ActiveCfg = Debug|Any CPU
		{6066F4EE-B119-486A-A66B-0281A930B458}.Debug|Any CPU.Build.0 = Debug|Any CPU
		{6066F4EE-B119-486A-A66B-0281A930B458}.Release|Any CPU.ActiveCfg = Release|Any CPU
		{6066F4EE-B119-486A-A66B-0281A930B458}.Release|Any CPU.Build.0 = Release|Any CPU
		{CF5BD8DD-DFD5-4D8E-B68D-C09632BEBD05}.Debug|Any CPU.ActiveCfg = Debug|Any CPU
		{CF5BD8DD-DFD5-4D8E-B68D-C09632BEBD05}.Debug|Any CPU.Build.0 = Debug|Any CPU
		{CF5BD8DD-DFD5-4D8E-B68D-C09632BEBD05}.Release|Any CPU.ActiveCfg = Release|Any CPU
		{CF5BD8DD-DFD5-4D8E-B68D-C09632BEBD05}.Release|Any CPU.Build.0 = Release|Any CPU
		{4BA76002-8284-43D4-A015-E386279066D9}.Debug|Any CPU.ActiveCfg = Debug|Any CPU
		{4BA76002-8284-43D4-A015-E386279066D9}.Debug|Any CPU.Build.0 = Debug|Any CPU
		{4BA76002-8284-43D4-A015-E386279066D9}.Release|Any CPU.ActiveCfg = Release|Any CPU
		{4BA76002-8284-43D4-A015-E386279066D9}.Release|Any CPU.Build.0 = Release|Any CPU
		{B12A0F56-1AB0-4A6C-82E7-F3AB79857304}.Debug|Any CPU.ActiveCfg = Debug|Any CPU
		{B12A0F56-1AB0-4A6C-82E7-F3AB79857304}.Debug|Any CPU.Build.0 = Debug|Any CPU
		{B12A0F56-1AB0-4A6C-82E7-F3AB79857304}.Release|Any CPU.ActiveCfg = Release|Any CPU
		{B12A0F56-1AB0-4A6C-82E7-F3AB79857304}.Release|Any CPU.Build.0 = Release|Any CPU
		{F3E3EBE6-69A9-4458-8E0B-C19A07F2B317}.Debug|Any CPU.ActiveCfg = Debug|Any CPU
		{F3E3EBE6-69A9-4458-8E0B-C19A07F2B317}.Debug|Any CPU.Build.0 = Debug|Any CPU
		{F3E3EBE6-69A9-4458-8E0B-C19A07F2B317}.Release|Any CPU.ActiveCfg = Release|Any CPU
		{F3E3EBE6-69A9-4458-8E0B-C19A07F2B317}.Release|Any CPU.Build.0 = Release|Any CPU
		{BDD8EEF1-78E0-4E50-986D-4336FA4EAFDD}.Debug|Any CPU.ActiveCfg = Debug|Any CPU
		{BDD8EEF1-78E0-4E50-986D-4336FA4EAFDD}.Debug|Any CPU.Build.0 = Debug|Any CPU
		{BDD8EEF1-78E0-4E50-986D-4336FA4EAFDD}.Release|Any CPU.ActiveCfg = Release|Any CPU
		{BDD8EEF1-78E0-4E50-986D-4336FA4EAFDD}.Release|Any CPU.Build.0 = Release|Any CPU
	EndGlobalSection
	GlobalSection(SolutionProperties) = preSolution
		HideSolutionNode = FALSE
	EndGlobalSection
	GlobalSection(NestedProjects) = preSolution
		{0B2216E5-DBFE-4E18-B156-8209B754B556} = {001BD150-079E-43E5-AB34-449BB350E7D6}
		{8305D149-F918-4C9F-8D20-9701F9037DDC} = {001BD150-079E-43E5-AB34-449BB350E7D6}
		{1F33A9B7-6287-4B51-8775-EB2EBE53A636} = {001BD150-079E-43E5-AB34-449BB350E7D6}
		{20E93D38-0E14-40D2-9496-E863F283B108} = {001BD150-079E-43E5-AB34-449BB350E7D6}
		{F67D93B0-AC29-42AA-B4E8-F9684B0E0B59} = {001BD150-079E-43E5-AB34-449BB350E7D6}
		{E8BD776E-90AD-41CF-B20A-76A8256F04B3} = {0E5BC5AE-6891-42A7-B48A-60E76102C04D}
		{30B1E480-D458-4B37-8A62-BDFCE7B45F86} = {0E5BC5AE-6891-42A7-B48A-60E76102C04D}
		{51594669-A426-4D96-85C0-570F7B0B4DA1} = {0E5BC5AE-6891-42A7-B48A-60E76102C04D}
		{7C222275-8674-438B-A576-8CF52AEADE0F} = {0E5BC5AE-6891-42A7-B48A-60E76102C04D}
		{542DAF21-13EF-4D1D-9B2D-BD90787F5F9B} = {0E5BC5AE-6891-42A7-B48A-60E76102C04D}
		{FD9FC2D8-FF18-46A4-8615-C498A7552BA6} = {B88CA7BE-991F-4176-9B41-E9ACE31E10CA}
		{C812BC36-D0B7-456D-B305-3B2F91A9F18F} = {B88CA7BE-991F-4176-9B41-E9ACE31E10CA}
		{B1C7C4A9-5382-4E1B-A1F1-7083B6F7E903} = {B88CA7BE-991F-4176-9B41-E9ACE31E10CA}
		{6066F4EE-B119-486A-A66B-0281A930B458} = {B88CA7BE-991F-4176-9B41-E9ACE31E10CA}
		{CF5BD8DD-DFD5-4D8E-B68D-C09632BEBD05} = {73350971-ABED-42F2-B24F-89D679CD845A}
		{4BA76002-8284-43D4-A015-E386279066D9} = {73350971-ABED-42F2-B24F-89D679CD845A}
		{B12A0F56-1AB0-4A6C-82E7-F3AB79857304} = {73350971-ABED-42F2-B24F-89D679CD845A}
		{F3E3EBE6-69A9-4458-8E0B-C19A07F2B317} = {73350971-ABED-42F2-B24F-89D679CD845A}
		{BDD8EEF1-78E0-4E50-986D-4336FA4EAFDD} = {75C76DAE-4B15-4DBA-BF74-10B609910678}
	EndGlobalSection
	GlobalSection(ExtensibilityGlobals) = postSolution
		SolutionGuid = {B624E3C1-D7AC-40CC-A493-0043B38097F6}
	EndGlobalSection
EndGlobal
